
Microsoft Visual Studio Solution File, Format Version 12.00
# Visual Studio Version 17
VisualStudioVersion = 17.5.002.0
MinimumVisualStudioVersion = 10.0.40219.1
Project("{9A19103F-16F7-4668-BE54-9A1E7A4F7556}") = "project1", "project1.csproj", "{D76478CB-EB82-47CD-9572-61D6E9574BBB}"
EndProject
Global
	GlobalSection(SolutionConfigurationPlatforms) = preSolution
		Debug|Any CPU = Debug|Any CPU
		Release|Any CPU = Release|Any CPU
	EndGlobalSection
	GlobalSection(ProjectConfigurationPlatforms) = postSolution
		{D76478CB-EB82-47CD-9572-61D6E9574BBB}.Debug|Any CPU.ActiveCfg = Debug|Any CPU
		{D76478CB-EB82-47CD-9572-61D6E9574BBB}.Debug|Any CPU.Build.0 = Debug|Any CPU
		{D76478CB-EB82-47CD-9572-61D6E9574BBB}.Release|Any CPU.ActiveCfg = Release|Any CPU
		{D76478CB-EB82-47CD-9572-61D6E9574BBB}.Release|Any CPU.Build.0 = Release|Any CPU
	EndGlobalSection
	GlobalSection(SolutionProperties) = preSolution
		HideSolutionNode = FALSE
	EndGlobalSection
	GlobalSection(ExtensibilityGlobals) = postSolution
		SolutionGuid = {E2837F91-D64B-494B-9F1D-4D660F5CC74F}
	EndGlobalSection
EndGlobal
